
Microsoft Visual Studio Solution File, Format Version 12.00
# Visual Studio Version 17
VisualStudioVersion = 17.4.33213.308
MinimumVisualStudioVersion = 10.0.40219.1
Project("{FAE04EC0-301F-11D3-BF4B-00C04F79EFBC}") = "Deliverable-5", "Deliverable-5.csproj", "{34E70FC4-232A-48F0-ADF8-FE2CEE41D302}"
EndProject
Global
	GlobalSection(SolutionConfigurationPlatforms) = preSolution
		Debug|Any CPU = Debug|Any CPU
		Release|Any CPU = Release|Any CPU
	EndGlobalSection
	GlobalSection(ProjectConfigurationPlatforms) = postSolution
		{34E70FC4-232A-48F0-ADF8-FE2CEE41D302}.Debug|Any CPU.ActiveCfg = Debug|Any CPU
		{34E70FC4-232A-48F0-ADF8-FE2CEE41D302}.Debug|Any CPU.Build.0 = Debug|Any CPU
		{34E70FC4-232A-48F0-ADF8-FE2CEE41D302}.Release|Any CPU.ActiveCfg = Release|Any CPU
		{34E70FC4-232A-48F0-ADF8-FE2CEE41D302}.Release|Any CPU.Build.0 = Release|Any CPU
	EndGlobalSection
	GlobalSection(SolutionProperties) = preSolution
		HideSolutionNode = FALSE
	EndGlobalSection
	GlobalSection(ExtensibilityGlobals) = postSolution
		SolutionGuid = {00716664-1862-4D95-8070-9C31E399B5B0}
	EndGlobalSection
EndGlobal
